// !$*UTF8*$!
{
	archiveVersion = 1;
	classes = {
	};
	objectVersion = 50;
	objects = {

/* Begin PBXBuildFile section */
		185EBC55240BD17500ABA754 /* AppDelegate.swift in Sources */ = {isa = PBXBuildFile; fileRef = 185EBC54240BD17500ABA754 /* AppDelegate.swift */; };
		185EBC57240BD17500ABA754 /* SceneDelegate.swift in Sources */ = {isa = PBXBuildFile; fileRef = 185EBC56240BD17500ABA754 /* SceneDelegate.swift */; };
		185EBC59240BD17500ABA754 /* ContentView.swift in Sources */ = {isa = PBXBuildFile; fileRef = 185EBC58240BD17500ABA754 /* ContentView.swift */; };
		185EBC5B240BD17600ABA754 /* Assets.xcassets in Resources */ = {isa = PBXBuildFile; fileRef = 185EBC5A240BD17600ABA754 /* Assets.xcassets */; };
		185EBC5E240BD17600ABA754 /* Preview Assets.xcassets in Resources */ = {isa = PBXBuildFile; fileRef = 185EBC5D240BD17600ABA754 /* Preview Assets.xcassets */; };
		185EBC61240BD17600ABA754 /* LaunchScreen.storyboard in Resources */ = {isa = PBXBuildFile; fileRef = 185EBC5F240BD17600ABA754 /* LaunchScreen.storyboard */; };
		185EBC69240BD74200ABA754 /* SecondView.swift in Sources */ = {isa = PBXBuildFile; fileRef = 185EBC68240BD74200ABA754 /* SecondView.swift */; };
		18AAE7C8240C000100D9111A /* ForthView.swift in Sources */ = {isa = PBXBuildFile; fileRef = 18AAE7C7240C000100D9111A /* ForthView.swift */; };
		18AAE7CA240C030B00D9111A /* FifthView.swift in Sources */ = {isa = PBXBuildFile; fileRef = 18AAE7C9240C030B00D9111A /* FifthView.swift */; };
		18DB0998240BF94900B21875 /* ThirdView.swift in Sources */ = {isa = PBXBuildFile; fileRef = 18DB0997240BF94900B21875 /* ThirdView.swift */; };
/* End PBXBuildFile section */

/* Begin PBXFileReference section */
		185EBC51240BD17500ABA754 /* FirstSwiftUIApp.app */ = {isa = PBXFileReference; explicitFileType = wrapper.application; includeInIndex = 0; path = FirstSwiftUIApp.app; sourceTree = BUILT_PRODUCTS_DIR; };
		185EBC54240BD17500ABA754 /* AppDelegate.swift */ = {isa = PBXFileReference; lastKnownFileType = sourcecode.swift; path = AppDelegate.swift; sourceTree = "<group>"; };
		185EBC56240BD17500ABA754 /* SceneDelegate.swift */ = {isa = PBXFileReference; lastKnownFileType = sourcecode.swift; path = SceneDelegate.swift; sourceTree = "<group>"; };
		185EBC58240BD17500ABA754 /* ContentView.swift */ = {isa = PBXFileReference; lastKnownFileType = sourcecode.swift; path = ContentView.swift; sourceTree = "<group>"; };
		185EBC5A240BD17600ABA754 /* Assets.xcassets */ = {isa = PBXFileReference; lastKnownFileType = folder.assetcatalog; path = Assets.xcassets; sourceTree = "<group>"; };
		185EBC5D240BD17600ABA754 /* Preview Assets.xcassets */ = {isa = PBXFileReference; lastKnownFileType = folder.assetcatalog; path = "Preview Assets.xcassets"; sourceTree = "<group>"; };
		185EBC60240BD17600ABA754 /* Base */ = {isa = PBXFileReference; lastKnownFileType = file.storyboard; name = Base; path = Base.lproj/LaunchScreen.storyboard; sourceTree = "<group>"; };
		185EBC62240BD17600ABA754 /* Info.plist */ = {isa = PBXFileReference; lastKnownFileType = text.plist.xml; path = Info.plist; sourceTree = "<group>"; };
		185EBC68240BD74200ABA754 /* SecondView.swift */ = {isa = PBXFileReference; lastKnownFileType = sourcecode.swift; path = SecondView.swift; sourceTree = "<group>"; };
		18AAE7C7240C000100D9111A /* ForthView.swift */ = {isa = PBXFileReference; lastKnownFileType = sourcecode.swift; path = ForthView.swift; sourceTree = "<group>"; };
		18AAE7C9240C030B00D9111A /* FifthView.swift */ = {isa = PBXFileReference; lastKnownFileType = sourcecode.swift; path = FifthView.swift; sourceTree = "<group>"; };
		18DB0997240BF94900B21875 /* ThirdView.swift */ = {isa = PBXFileReference; lastKnownFileType = sourcecode.swift; path = ThirdView.swift; sourceTree = "<group>"; };
/* End PBXFileReference section */

/* Begin PBXFrameworksBuildPhase section */
		185EBC4E240BD17500ABA754 /* Frameworks */ = {
			isa = PBXFrameworksBuildPhase;
			buildActionMask = 2147483647;
			files = (
			);
			runOnlyForDeploymentPostprocessing = 0;
		};
/* End PBXFrameworksBuildPhase section */

/* Begin PBXGroup section */
		185EBC48240BD17500ABA754 = {
			isa = PBXGroup;
			children = (
				185EBC53240BD17500ABA754 /* FirstSwiftUIApp */,
				185EBC52240BD17500ABA754 /* Products */,
			);
			sourceTree = "<group>";
		};
		185EBC52240BD17500ABA754 /* Products */ = {
			isa = PBXGroup;
			children = (
				185EBC51240BD17500ABA754 /* FirstSwiftUIApp.app */,
			);
			name = Products;
			sourceTree = "<group>";
		};
		185EBC53240BD17500ABA754 /* FirstSwiftUIApp */ = {
			isa = PBXGroup;
			children = (
				185EBC54240BD17500ABA754 /* AppDelegate.swift */,
				185EBC56240BD17500ABA754 /* SceneDelegate.swift */,
				185EBC58240BD17500ABA754 /* ContentView.swift */,
				185EBC68240BD74200ABA754 /* SecondView.swift */,
				18DB0997240BF94900B21875 /* ThirdView.swift */,
				18AAE7C7240C000100D9111A /* ForthView.swift */,
				18AAE7C9240C030B00D9111A /* FifthView.swift */,
				185EBC5A240BD17600ABA754 /* Assets.xcassets */,
				185EBC5F240BD17600ABA754 /* LaunchScreen.storyboard */,
				185EBC62240BD17600ABA754 /* Info.plist */,
				185EBC5C240BD17600ABA754 /* Preview Content */,
			);
			path = FirstSwiftUIApp;
			sourceTree = "<group>";
		};
		185EBC5C240BD17600ABA754 /* Preview Content */ = {
			isa = PBXGroup;
			children = (
				185EBC5D240BD17600ABA754 /* Preview Assets.xcassets */,
			);
			path = "Preview Content";
			sourceTree = "<group>";
		};
/* End PBXGroup section */

/* Begin PBXNativeTarget section */
		185EBC50240BD17500ABA754 /* FirstSwiftUIApp */ = {
			isa = PBXNativeTarget;
			buildConfigurationList = 185EBC65240BD17600ABA754 /* Build configuration list for PBXNativeTarget "FirstSwiftUIApp" */;
			buildPhases = (
				185EBC4D240BD17500ABA754 /* Sources */,
				185EBC4E240BD17500ABA754 /* Frameworks */,
				185EBC4F240BD17500ABA754 /* Resources */,
			);
			buildRules = (
			);
			dependencies = (
			);
			name = FirstSwiftUIApp;
			productName = FirstSwiftUIApp;
			productReference = 185EBC51240BD17500ABA754 /* FirstSwiftUIApp.app */;
			productType = "com.apple.product-type.application";
		};
/* End PBXNativeTarget section */

/* Begin PBXProject section */
		185EBC49240BD17500ABA754 /* Project object */ = {
			isa = PBXProject;
			attributes = {
				LastSwiftUpdateCheck = 1110;
				LastUpgradeCheck = 1110;
				ORGANIZATIONNAME = mracipayam;
				TargetAttributes = {
					185EBC50240BD17500ABA754 = {
						CreatedOnToolsVersion = 11.1;
					};
				};
			};
			buildConfigurationList = 185EBC4C240BD17500ABA754 /* Build configuration list for PBXProject "FirstSwiftUIApp" */;
			compatibilityVersion = "Xcode 9.3";
			developmentRegion = en;
			hasScannedForEncodings = 0;
			knownRegions = (
				en,
				Base,
			);
			mainGroup = 185EBC48240BD17500ABA754;
			productRefGroup = 185EBC52240BD17500ABA754 /* Products */;
			projectDirPath = "";
			projectRoot = "";
			targets = (
				185EBC50240BD17500ABA754 /* FirstSwiftUIApp */,
			);
		};
/* End PBXProject section */

/* Begin PBXResourcesBuildPhase section */
		185EBC4F240BD17500ABA754 /* Resources */ = {
			isa = PBXResourcesBuildPhase;
			buildActionMask = 2147483647;
			files = (
				185EBC61240BD17600ABA754 /* LaunchScreen.storyboard in Resources */,
				185EBC5E240BD17600ABA754 /* Preview Assets.xcassets in Resources */,
				185EBC5B240BD17600ABA754 /* Assets.xcassets in Resources */,
			);
			runOnlyForDeploymentPostprocessing = 0;
		};
/* End PBXResourcesBuildPhase section */

/* Begin PBXSourcesBuildPhase section */
		185EBC4D240BD17500ABA754 /* Sources */ = {
			isa = PBXSourcesBuildPhase;
			buildActionMask = 2147483647;
			files = (
				185EBC55240BD17500ABA754 /* AppDelegate.swift in Sources */,
				18DB0998240BF94900B21875 /* ThirdView.swift in Sources */,
				18AAE7C8240C000100D9111A /* ForthView.swift in Sources */,
				185EBC57240BD17500ABA754 /* SceneDelegate.swift in Sources */,
				185EBC69240BD74200ABA754 /* SecondView.swift in Sources */,
				18AAE7CA240C030B00D9111A /* FifthView.swift in Sources */,
				185EBC59240BD17500ABA754 /* ContentView.swift in Sources */,
			);
			runOnlyForDeploymentPostprocessing = 0;
		};
/* End PBXSourcesBuildPhase section */

/* Begin PBXVariantGroup section */
		185EBC5F240BD17600ABA754 /* LaunchScreen.storyboard */ = {
			isa = PBXVariantGroup;
			children = (
				185EBC60240BD17600ABA754 /* Base */,
			);
			name = LaunchScreen.storyboard;
			sourceTree = "<group>";
		};
/* End PBXVariantGroup section */

/* Begin XCBuildConfiguration section */
		185EBC63240BD17600ABA754 /* Debug */ = {
			isa = XCBuildConfiguration;
			buildSettings = {
				ALWAYS_SEARCH_USER_PATHS = NO;
				CLANG_ANALYZER_NONNULL = YES;
				CLANG_ANALYZER_NUMBER_OBJECT_CONVERSION = YES_AGGRESSIVE;
				CLANG_CXX_LANGUAGE_STANDARD = "gnu++14";
				CLANG_CXX_LIBRARY = "libc++";
				CLANG_ENABLE_MODULES = YES;
				CLANG_ENABLE_OBJC_ARC = YES;
				CLANG_ENABLE_OBJC_WEAK = YES;
				CLANG_WARN_BLOCK_CAPTURE_AUTORELEASING = YES;
				CLANG_WARN_BOOL_CONVERSION = YES;
				CLANG_WARN_COMMA = YES;
				CLANG_WARN_CONSTANT_CONVERSION = YES;
				CLANG_WARN_DEPRECATED_OBJC_IMPLEMENTATIONS = YES;
				CLANG_WARN_DIRECT_OBJC_ISA_USAGE = YES_ERROR;
				CLANG_WARN_DOCUMENTATION_COMMENTS = YES;
				CLANG_WARN_EMPTY_BODY = YES;
				CLANG_WARN_ENUM_CONVERSION = YES;
				CLANG_WARN_INFINITE_RECURSION = YES;
				CLANG_WARN_INT_CONVERSION = YES;
				CLANG_WARN_NON_LITERAL_NULL_CONVERSION = YES;
				CLANG_WARN_OBJC_IMPLICIT_RETAIN_SELF = YES;
				CLANG_WARN_OBJC_LITERAL_CONVERSION = YES;
				CLANG_WARN_OBJC_ROOT_CLASS = YES_ERROR;
				CLANG_WARN_RANGE_LOOP_ANALYSIS = YES;
				CLANG_WARN_STRICT_PROTOTYPES = YES;
				CLANG_WARN_SUSPICIOUS_MOVE = YES;
				CLANG_WARN_UNGUARDED_AVAILABILITY = YES_AGGRESSIVE;
				CLANG_WARN_UNREACHABLE_CODE = YES;
				CLANG_WARN__DUPLICATE_METHOD_MATCH = YES;
				COPY_PHASE_STRIP = NO;
				DEBUG_INFORMATION_FORMAT = dwarf;
				ENABLE_STRICT_OBJC_MSGSEND = YES;
				ENABLE_TESTABILITY = YES;
				GCC_C_LANGUAGE_STANDARD = gnu11;
				GCC_DYNAMIC_NO_PIC = NO;
				GCC_NO_COMMON_BLOCKS = YES;
				GCC_OPTIMIZATION_LEVEL = 0;
				GCC_PREPROCESSOR_DEFINITIONS = (
					"DEBUG=1",
					"$(inherited)",
				);
				GCC_WARN_64_TO_32_BIT_CONVERSION = YES;
				GCC_WARN_ABOUT_RETURN_TYPE = YES_ERROR;
				GCC_WARN_UNDECLARED_SELECTOR = YES;
				GCC_WARN_UNINITIALIZED_AUTOS = YES_AGGRESSIVE;
				GCC_WARN_UNUSED_FUNCTION = YES;
				GCC_WARN_UNUSED_VARIABLE = YES;
				IPHONEOS_DEPLOYMENT_TARGET = 13.1;
				MTL_ENABLE_DEBUG_INFO = INCLUDE_SOURCE;
				MTL_FAST_MATH = YES;
				ONLY_ACTIVE_ARCH = YES;
				SDKROOT = iphoneos;
				SWIFT_ACTIVE_COMPILATION_CONDITIONS = DEBUG;
				SWIFT_OPTIMIZATION_LEVEL = "-Onone";
			};
			name = Debug;
		};
		185EBC64240BD17600ABA754 /* Release */ = {
			isa = XCBuildConfiguration;
			buildSettings = {
				ALWAYS_SEARCH_USER_PATHS = NO;
				CLANG_ANALYZER_NONNULL = YES;
				CLANG_ANALYZER_NUMBER_OBJECT_CONVERSION = YES_AGGRESSIVE;
				CLANG_CXX_LANGUAGE_STANDARD = "gnu++14";
				CLANG_CXX_LIBRARY = "libc++";
				CLANG_ENABLE_MODULES = YES;
				CLANG_ENABLE_OBJC_ARC = YES;
				CLANG_ENABLE_OBJC_WEAK = YES;
				CLANG_WARN_BLOCK_CAPTURE_AUTORELEASING = YES;
				CLANG_WARN_BOOL_CONVERSION = YES;
				CLANG_WARN_COMMA = YES;
				CLANG_WARN_CONSTANT_CONVERSION = YES;
				CLANG_WARN_DEPRECATED_OBJC_IMPLEMENTATIONS = YES;
				CLANG_WARN_DIRECT_OBJC_ISA_USAGE = YES_ERROR;
				CLANG_WARN_DOCUMENTATION_COMMENTS = YES;
				CLANG_WARN_EMPTY_BODY = YES;
				CLANG_WARN_ENUM_CONVERSION = YES;
				CLANG_WARN_INFINITE_RECURSION = YES;
				CLANG_WARN_INT_CONVERSION = YES;
				CLANG_WARN_NON_LITERAL_NULL_CONVERSION = YES;
				CLANG_WARN_OBJC_IMPLICIT_RETAIN_SELF = YES;
				CLANG_WARN_OBJC_LITERAL_CONVERSION = YES;
				CLANG_WARN_OBJC_ROOT_CLASS = YES_ERROR;
				CLANG_WARN_RANGE_LOOP_ANALYSIS = YES;
				CLANG_WARN_STRICT_PROTOTYPES = YES;
				CLANG_WARN_SUSPICIOUS_MOVE = YES;
				CLANG_WARN_UNGUARDED_AVAILABILITY = YES_AGGRESSIVE;
				CLANG_WARN_UNREACHABLE_CODE = YES;
				CLANG_WARN__DUPLICATE_METHOD_MATCH = YES;
				COPY_PHASE_STRIP = NO;
				DEBUG_INFORMATION_FORMAT = "dwarf-with-dsym";
				ENABLE_NS_ASSERTIONS = NO;
				ENABLE_STRICT_OBJC_MSGSEND = YES;
				GCC_C_LANGUAGE_STANDARD = gnu11;
				GCC_NO_COMMON_BLOCKS = YES;
				GCC_WARN_64_TO_32_BIT_CONVERSION = YES;
				GCC_WARN_ABOUT_RETURN_TYPE = YES_ERROR;
				GCC_WARN_UNDECLARED_SELECTOR = YES;
				GCC_WARN_UNINITIALIZED_AUTOS = YES_AGGRESSIVE;
				GCC_WARN_UNUSED_FUNCTION = YES;
				GCC_WARN_UNUSED_VARIABLE = YES;
				IPHONEOS_DEPLOYMENT_TARGET = 13.1;
				MTL_ENABLE_DEBUG_INFO = NO;
				MTL_FAST_MATH = YES;
				SDKROOT = iphoneos;
				SWIFT_COMPILATION_MODE = wholemodule;
				SWIFT_OPTIMIZATION_LEVEL = "-O";
				VALIDATE_PRODUCT = YES;
			};
			name = Release;
		};
		185EBC66240BD17600ABA754 /* Debug */ = {
			isa = XCBuildConfiguration;
			buildSettings = {
				ASSETCATALOG_COMPILER_APPICON_NAME = AppIcon;
				CODE_SIGN_STYLE = Automatic;
				DEVELOPMENT_ASSET_PATHS = "\"FirstSwiftUIApp/Preview Content\"";
				DEVELOPMENT_TEAM = TL44D564XJ;
				ENABLE_PREVIEWS = YES;
				INFOPLIST_FILE = FirstSwiftUIApp/Info.plist;
				LD_RUNPATH_SEARCH_PATHS = (
					"$(inherited)",
					"@executable_path/Frameworks",
				);
				PRODUCT_BUNDLE_IDENTIFIER = com.mracipayam.FirstSwiftUIApp;
				PRODUCT_NAME = "$(TARGET_NAME)";
				SWIFT_VERSION = 5.0;
				TARGETED_DEVICE_FAMILY = "1,2";
			};
			name = Debug;
		};
		185EBC67240BD17600ABA754 /* Release */ = {
			isa = XCBuildConfiguration;
			buildSettings = {
				ASSETCATALOG_COMPILER_APPICON_NAME = AppIcon;
				CODE_SIGN_STYLE = Automatic;
				DEVELOPMENT_ASSET_PATHS = "\"FirstSwiftUIApp/Preview Content\"";
				DEVELOPMENT_TEAM = TL44D564XJ;
				ENABLE_PREVIEWS = YES;
				INFOPLIST_FILE = FirstSwiftUIApp/Info.plist;
				LD_RUNPATH_SEARCH_PATHS = (
					"$(inherited)",
					"@executable_path/Frameworks",
				);
				PRODUCT_BUNDLE_IDENTIFIER = com.mracipayam.FirstSwiftUIApp;
				PRODUCT_NAME = "$(TARGET_NAME)";
				SWIFT_VERSION = 5.0;
				TARGETED_DEVICE_FAMILY = "1,2";
			};
			name = Release;
		};
/* End XCBuildConfiguration section */

/* Begin XCConfigurationList section */
		185EBC4C240BD17500ABA754 /* Build configuration list for PBXProject "FirstSwiftUIApp" */ = {
			isa = XCConfigurationList;
			buildConfigurations = (
				185EBC63240BD17600ABA754 /* Debug */,
				185EBC64240BD17600ABA754 /* Release */,
			);
			defaultConfigurationIsVisible = 0;
			defaultConfigurationName = Release;
		};
		185EBC65240BD17600ABA754 /* Build configuration list for PBXNativeTarget "FirstSwiftUIApp" */ = {
			isa = XCConfigurationList;
			buildConfigurations = (
				185EBC66240BD17600ABA754 /* Debug */,
				185EBC67240BD17600ABA754 /* Release */,
			);
			defaultConfigurationIsVisible = 0;
			defaultConfigurationName = Release;
		};
/* End XCConfigurationList section */
	};
	rootObject = 185EBC49240BD17500ABA754 /* Project object */;
}
